
Microsoft Visual Studio Solution File, Format Version 12.00
# Visual Studio Version 17
VisualStudioVersion = 17.9.34728.123
MinimumVisualStudioVersion = 10.0.40219.1
Project("{9A19103F-16F7-4668-BE54-9A1E7A4F7556}") = "actions", "actions\actions.csproj", "{A5174B77-77B3-4237-A4E9-3B39839FFE8D}"
EndProject
Global
	GlobalSection(SolutionConfigurationPlatforms) = preSolution
		Debug|Any CPU = Debug|Any CPU
		Release|Any CPU = Release|Any CPU
	EndGlobalSection
	GlobalSection(ProjectConfigurationPlatforms) = postSolution
		{A5174B77-77B3-4237-A4E9-3B39839FFE8D}.Debug|Any CPU.ActiveCfg = Debug|Any CPU
		{A5174B77-77B3-4237-A4E9-3B39839FFE8D}.Debug|Any CPU.Build.0 = Debug|Any CPU
		{A5174B77-77B3-4237-A4E9-3B39839FFE8D}.Release|Any CPU.ActiveCfg = Release|Any CPU
		{A5174B77-77B3-4237-A4E9-3B39839FFE8D}.Release|Any CPU.Build.0 = Release|Any CPU
	EndGlobalSection
	GlobalSection(SolutionProperties) = preSolution
		HideSolutionNode = FALSE
	EndGlobalSection
	GlobalSection(ExtensibilityGlobals) = postSolution
		SolutionGuid = {E7CBF45E-0C13-46E1-81B2-E34AF6C2FCE1}
	EndGlobalSection
EndGlobal
